
Microsoft Visual Studio Solution File, Format Version 12.00
# Visual Studio Version 17
VisualStudioVersion = 17.6.33723.286
MinimumVisualStudioVersion = 10.0.40219.1
Project("{8BC9CEB8-8B4A-11D0-8D11-00A0C91BC942}") = "2023_Bronze_Jan_P1_Leaders", "2023\Bronze\2023_Bronze_Jan_P1_Leaders.vcxproj", "{28C94DCB-D410-4AD9-8067-0B21EE95FBEB}"
EndProject
Project("{8BC9CEB8-8B4A-11D0-8D11-00A0C91BC942}") = "2023_Bronze_Dec_P1_CowCollege", "2023\Bronze\2023_Bronze_Dec_P1_CowCollege.vcxproj", "{DC3114C9-30A9-4E5F-8BB6-7DDEA37CCE91}"
EndProject
Project("{8BC9CEB8-8B4A-11D0-8D11-00A0C91BC942}") = "2023_Bronze_Dec_P2_FeedingCows", "2023\Bronze\2023_Bronze_Dec_P2_FeedingCows.vcxproj", "{F197E7C0-543B-492C-8611-0736A8C09364}"
EndProject
Project("{8BC9CEB8-8B4A-11D0-8D11-00A0C91BC942}") = "2023_Bronze_Dec_P3_ReverseEngineering", "2023\Bronze\2023_Bronze_Dec_P3_ReverseEngineering.vcxproj", "{E59CF04E-CF10-405E-8EBA-5CBC243719F0}"
EndProject
Project("{2150E333-8FDC-42A3-9474-1A3956D46DE8}") = "2024", "2024", "{0BF8B672-8C61-4B56-8963-FC9593AC387F}"
EndProject
Project("{8BC9CEB8-8B4A-11D0-8D11-00A0C91BC942}") = "2024_Bronze_Dec_P1", "2024\2024_Bronze_Dec_P1\2024_Bronze_Dec_P1.vcxproj", "{B398B88E-5AFC-4666-B01F-09DAC0CDC350}"
EndProject
Project("{2150E333-8FDC-42A3-9474-1A3956D46DE8}") = "2023", "2023", "{518C1B49-186F-4F42-AFC0-8AC7AE898B8B}"
EndProject
Project("{8BC9CEB8-8B4A-11D0-8D11-00A0C91BC942}") = "2024_Bronze_Dec_P2", "2024\2024_Bronze_Dec_P2\2024_Bronze_Dec_P2.vcxproj", "{A4F20C22-85DF-439E-8FFD-7788D1AE38D0}"
EndProject
Project("{8BC9CEB8-8B4A-11D0-8D11-00A0C91BC942}") = "2024_Bronze_Dec_P3", "2024\2024_Bronze_Dec_P3\2024_Bronze_Dec_P3.vcxproj", "{A486A8F0-F8DE-44E9-A9AC-829A30C006DA}"
EndProject
Project("{2150E333-8FDC-42A3-9474-1A3956D46DE8}") = "2022", "2022", "{D9F40639-FF98-4265-9669-6BE843C28FD7}"
EndProject
Project("{8BC9CEB8-8B4A-11D0-8D11-00A0C91BC942}") = "2022_Bronze_Dec_P1_LonelyPhoto", "2022\2022_Bronze_Dec_P1_LonelyPhoto\2022_Bronze_Dec_P1_LonelyPhoto.vcxproj", "{3AB70C98-5F91-40BA-AD3C-C48E91CADEA5}"
EndProject
Project("{8BC9CEB8-8B4A-11D0-8D11-00A0C91BC942}") = "2022_Bronze_Dec_P2_AirCownditioning", "2022\2022_Bronze_Dec_P2_AirCownditioning\2022_Bronze_Dec_P2_AirCownditioning.vcxproj", "{A6E3943B-CB56-44A0-BB84-0FF13690BE17}"
EndProject
Project("{2150E333-8FDC-42A3-9474-1A3956D46DE8}") = "2021", "2021", "{9F5263DF-2CA7-49D2-8CC1-F0F68CBBB29C}"
EndProject
Project("{8BC9CEB8-8B4A-11D0-8D11-00A0C91BC942}") = "2021_Bronze_Dec_P1_KnowABCs", "2021\2021_Bronze_Dec_P1_KnowABCs\2021_Bronze_Dec_P1_KnowABCs.vcxproj", "{16F1ECBB-FF2B-48F1-B072-F87FD98373FC}"
EndProject
Project("{8BC9CEB8-8B4A-11D0-8D11-00A0C91BC942}") = "2021_Bronze_Dec_P2_DaisyChains", "2021\2021_Bronze_Dec_P2_DaisyChains\2021_Bronze_Dec_P2_DaisyChains.vcxproj", "{464E5252-912B-4107-A2A9-20D82AD7EEE2}"
EndProject
Project("{8BC9CEB8-8B4A-11D0-8D11-00A0C91BC942}") = "2022_Bronze_Dec_P3_WalkingHome", "2022\2022_Bronze_Dec_P3_WalkingHome\2022_Bronze_Dec_P3_WalkingHome.vcxproj", "{13EE6D29-19E0-4447-9703-7C4E370D836C}"
EndProject
Project("{8BC9CEB8-8B4A-11D0-8D11-00A0C91BC942}") = "2021_Bronze_Dec_P3_StuckRut", "2021\2021_Bronze_Dec_P3_StuckRut\2021_Bronze_Dec_P3_StuckRut.vcxproj", "{DD727671-D898-4559-BBD5-0CC71CB066C9}"
EndProject
Project("{2150E333-8FDC-42A3-9474-1A3956D46DE8}") = "2020", "2020", "{2B31683F-7A20-4EBD-80EC-6CEA8EAB1090}"
EndProject
Project("{8BC9CEB8-8B4A-11D0-8D11-00A0C91BC942}") = "2020_Bronze_Dec_P1_CowGymnastics", "2020\2020_Bronze_Dec_P1_CowGymnastics\2020_Bronze_Dec_P1_CowGymnastics.vcxproj", "{8D53638A-BCE1-4B2D-967E-C6A61D04F98E}"
EndProject
Project("{8BC9CEB8-8B4A-11D0-8D11-00A0C91BC942}") = "2020_Bronze_Dec_P2_WhereAmI", "2020\2020_Bronze_Dec_P2_WhereAmI\2020_Bronze_Dec_P2_WhereAmI.vcxproj", "{25749C80-B814-4BA9-BE11-7678368E9C81}"
EndProject
Project("{8BC9CEB8-8B4A-11D0-8D11-00A0C91BC942}") = "2020_Bronze_Dec_P3_LivestockLineup", "2020\2020_Bronze_Dec_P3_LivestockLineup\2020_Bronze_Dec_P3_LivestockLineup.vcxproj", "{4F909EA6-EF19-45B0-94A9-14F41B12F0E8}"
EndProject
Project("{2150E333-8FDC-42A3-9474-1A3956D46DE8}") = "2019", "2019", "{3EBA904A-7DD7-42F6-B6B2-03D5FDCF7C5F}"
EndProject
Project("{8BC9CEB8-8B4A-11D0-8D11-00A0C91BC942}") = "2019_Bronze_Dec_P1_MixingMilk", "2019\2019_Bronze_Dec_P1_MixingMilk\2019_Bronze_Dec_P1_MixingMilk.vcxproj", "{F64274B6-397D-4984-BA54-31D89C13938A}"
EndProject
Project("{8BC9CEB8-8B4A-11D0-8D11-00A0C91BC942}") = "2019_Bronze_Dec_P2_BucketList", "2019\2019_Bronze_Dec_P2_BucketList\2019_Bronze_Dec_P2_BucketList.vcxproj", "{5E7866FD-F899-4C82-A80F-DCB9E736BB03}"
EndProject
Project("{8BC9CEB8-8B4A-11D0-8D11-00A0C91BC942}") = "2019_Bronze_Dec_P3_BackForth", "2019\2019_Bronze_Dec_P3_BackForth\2019_Bronze_Dec_P3_BackForth.vcxproj", "{D114FF5A-B5A6-4E97-AE27-85E4857C8EED}"
EndProject
Project("{2150E333-8FDC-42A3-9474-1A3956D46DE8}") = "2018", "2018", "{1566C52F-0B16-48D1-8C23-C94F94161E2C}"
EndProject
Project("{8BC9CEB8-8B4A-11D0-8D11-00A0C91BC942}") = "2018_Bronze_Dec_P1_BlockedBillboard", "2018\2018_Bronze_Dec_P1_BlockedBillboard\2018_Bronze_Dec_P1_BlockedBillboard.vcxproj", "{97FC5826-D3BE-4EF0-80D8-A0F4D3DC3DC1}"
EndProject
Project("{8BC9CEB8-8B4A-11D0-8D11-00A0C91BC942}") = "2018_Bronze_Dec_P2_BovineShuffle", "2018\2018_Bronze_Dec_P2_BovineShuffle\2018_Bronze_Dec_P2_BovineShuffle.vcxproj", "{BD1919C1-D829-467A-92C5-6696CAC18AC9}"
EndProject
Project("{8BC9CEB8-8B4A-11D0-8D11-00A0C91BC942}") = "2018_Bronze_Dec_P3_MilkMeasurement", "2018\2018_Bronze_Dec_P3_MilkMeasurement\2018_Bronze_Dec_P3_MilkMeasurement.vcxproj", "{E5BD6147-3CB0-46DF-B21E-F69A3DA283CF}"
EndProject
Project("{2150E333-8FDC-42A3-9474-1A3956D46DE8}") = "2017", "2017", "{B743FC23-428A-4994-8D79-B6F911F9045B}"
EndProject
Project("{8BC9CEB8-8B4A-11D0-8D11-00A0C91BC942}") = "2017_Bronze_Dec_P1_SquarePasture", "2017\2017_Bronze_Dec_P1_SquarePasture\2017_Bronze_Dec_P1_SquarePasture.vcxproj", "{3C58E389-EBF2-4758-A138-1AEE37436A4C}"
EndProject
Project("{8BC9CEB8-8B4A-11D0-8D11-00A0C91BC942}") = "2017_Bronze_Dec_P2_BlockGame", "2017\2017_Bronze_Dec_P2_BlockGame\2017_Bronze_Dec_P2_BlockGame.vcxproj", "{8D98E069-E413-47A6-9B99-17E9922C2DEF}"
EndProject
Project("{8BC9CEB8-8B4A-11D0-8D11-00A0C91BC942}") = "2017_Bronze_Dec_P3_CowSignal", "2017\2017_Bronze_Dec_P3_CowSignal\2017_Bronze_Dec_P3_CowSignal.vcxproj", "{BE580DCB-54A8-462C-B7A0-27DB030C0C1F}"
EndProject
Project("{2150E333-8FDC-42A3-9474-1A3956D46DE8}") = "2016", "2016", "{49776FD6-6B48-4448-B10B-628B7E0EC70F}"
EndProject
Project("{8BC9CEB8-8B4A-11D0-8D11-00A0C91BC942}") = "2016_Bronze_Dec_P1_FencePainting", "2016\2016_Bronze_Dec_P1_FencePainting\2016_Bronze_Dec_P1_FencePainting.vcxproj", "{F948DFB5-40B7-4EAE-A5DA-8D7363204575}"
EndProject
Project("{8BC9CEB8-8B4A-11D0-8D11-00A0C91BC942}") = "2016_Bronze_Dec_P2_SpeedingTicket", "2016\2016_Bronze_Dec_P2_SpeedingTicket\2016_Bronze_Dec_P2_SpeedingTicket.vcxproj", "{594EEE9B-957B-4B66-A5BB-A3C5CCA66703}"
EndProject
Project("{8BC9CEB8-8B4A-11D0-8D11-00A0C91BC942}") = "2016_Bronze_Dec_P3_ContaminatedMilk", "2016\2016_Bronze_Dec_P3_ContaminatedMilk\2016_Bronze_Dec_P3_ContaminatedMilk.vcxproj", "{7B55ACAA-436C-4851-A100-13D4A80D8590}"
EndProject
Project("{2150E333-8FDC-42A3-9474-1A3956D46DE8}") = "2015", "2015", "{154F508F-8BC0-489E-A8E7-B62A97A4F86C}"
EndProject
Project("{8BC9CEB8-8B4A-11D0-8D11-00A0C91BC942}") = "2015_Bronze_Dec_P1_Marathon", "2015\2015_Bronze_Dec_P1_Marathon\2015_Bronze_Dec_P1_Marathon.vcxproj", "{27FF9256-8659-4FE5-9372-3DB3DCA6957A}"
EndProject
Global
	GlobalSection(SolutionConfigurationPlatforms) = preSolution
		Debug|x64 = Debug|x64
		Debug|x86 = Debug|x86
		Release|x64 = Release|x64
		Release|x86 = Release|x86
	EndGlobalSection
	GlobalSection(ProjectConfigurationPlatforms) = postSolution
		{28C94DCB-D410-4AD9-8067-0B21EE95FBEB}.Debug|x64.ActiveCfg = Debug|x64
		{28C94DCB-D410-4AD9-8067-0B21EE95FBEB}.Debug|x64.Build.0 = Debug|x64
		{28C94DCB-D410-4AD9-8067-0B21EE95FBEB}.Debug|x86.ActiveCfg = Debug|Win32
		{28C94DCB-D410-4AD9-8067-0B21EE95FBEB}.Debug|x86.Build.0 = Debug|Win32
		{28C94DCB-D410-4AD9-8067-0B21EE95FBEB}.Release|x64.ActiveCfg = Release|x64
		{28C94DCB-D410-4AD9-8067-0B21EE95FBEB}.Release|x64.Build.0 = Release|x64
		{28C94DCB-D410-4AD9-8067-0B21EE95FBEB}.Release|x86.ActiveCfg = Release|Win32
		{28C94DCB-D410-4AD9-8067-0B21EE95FBEB}.Release|x86.Build.0 = Release|Win32
		{DC3114C9-30A9-4E5F-8BB6-7DDEA37CCE91}.Debug|x64.ActiveCfg = Debug|x64
		{DC3114C9-30A9-4E5F-8BB6-7DDEA37CCE91}.Debug|x64.Build.0 = Debug|x64
		{DC3114C9-30A9-4E5F-8BB6-7DDEA37CCE91}.Debug|x86.ActiveCfg = Debug|Win32
		{DC3114C9-30A9-4E5F-8BB6-7DDEA37CCE91}.Debug|x86.Build.0 = Debug|Win32
		{DC3114C9-30A9-4E5F-8BB6-7DDEA37CCE91}.Release|x64.ActiveCfg = Release|x64
		{DC3114C9-30A9-4E5F-8BB6-7DDEA37CCE91}.Release|x64.Build.0 = Release|x64
		{DC3114C9-30A9-4E5F-8BB6-7DDEA37CCE91}.Release|x86.ActiveCfg = Release|Win32
		{DC3114C9-30A9-4E5F-8BB6-7DDEA37CCE91}.Release|x86.Build.0 = Release|Win32
		{F197E7C0-543B-492C-8611-0736A8C09364}.Debug|x64.ActiveCfg = Debug|x64
		{F197E7C0-543B-492C-8611-0736A8C09364}.Debug|x64.Build.0 = Debug|x64
		{F197E7C0-543B-492C-8611-0736A8C09364}.Debug|x86.ActiveCfg = Debug|Win32
		{F197E7C0-543B-492C-8611-0736A8C09364}.Debug|x86.Build.0 = Debug|Win32
		{F197E7C0-543B-492C-8611-0736A8C09364}.Release|x64.ActiveCfg = Release|x64
		{F197E7C0-543B-492C-8611-0736A8C09364}.Release|x64.Build.0 = Release|x64
		{F197E7C0-543B-492C-8611-0736A8C09364}.Release|x86.ActiveCfg = Release|Win32
		{F197E7C0-543B-492C-8611-0736A8C09364}.Release|x86.Build.0 = Release|Win32
		{E59CF04E-CF10-405E-8EBA-5CBC243719F0}.Debug|x64.ActiveCfg = Debug|x64
		{E59CF04E-CF10-405E-8EBA-5CBC243719F0}.Debug|x64.Build.0 = Debug|x64
		{E59CF04E-CF10-405E-8EBA-5CBC243719F0}.Debug|x86.ActiveCfg = Debug|Win32
		{E59CF04E-CF10-405E-8EBA-5CBC243719F0}.Debug|x86.Build.0 = Debug|Win32
		{E59CF04E-CF10-405E-8EBA-5CBC243719F0}.Release|x64.ActiveCfg = Release|x64
		{E59CF04E-CF10-405E-8EBA-5CBC243719F0}.Release|x64.Build.0 = Release|x64
		{E59CF04E-CF10-405E-8EBA-5CBC243719F0}.Release|x86.ActiveCfg = Release|Win32
		{E59CF04E-CF10-405E-8EBA-5CBC243719F0}.Release|x86.Build.0 = Release|Win32
		{B398B88E-5AFC-4666-B01F-09DAC0CDC350}.Debug|x64.ActiveCfg = Debug|x64
		{B398B88E-5AFC-4666-B01F-09DAC0CDC350}.Debug|x64.Build.0 = Debug|x64
		{B398B88E-5AFC-4666-B01F-09DAC0CDC350}.Debug|x86.ActiveCfg = Debug|Win32
		{B398B88E-5AFC-4666-B01F-09DAC0CDC350}.Debug|x86.Build.0 = Debug|Win32
		{B398B88E-5AFC-4666-B01F-09DAC0CDC350}.Release|x64.ActiveCfg = Release|x64
		{B398B88E-5AFC-4666-B01F-09DAC0CDC350}.Release|x64.Build.0 = Release|x64
		{B398B88E-5AFC-4666-B01F-09DAC0CDC350}.Release|x86.ActiveCfg = Release|Win32
		{B398B88E-5AFC-4666-B01F-09DAC0CDC350}.Release|x86.Build.0 = Release|Win32
		{A4F20C22-85DF-439E-8FFD-7788D1AE38D0}.Debug|x64.ActiveCfg = Debug|x64
		{A4F20C22-85DF-439E-8FFD-7788D1AE38D0}.Debug|x64.Build.0 = Debug|x64
		{A4F20C22-85DF-439E-8FFD-7788D1AE38D0}.Debug|x86.ActiveCfg = Debug|Win32
		{A4F20C22-85DF-439E-8FFD-7788D1AE38D0}.Debug|x86.Build.0 = Debug|Win32
		{A4F20C22-85DF-439E-8FFD-7788D1AE38D0}.Release|x64.ActiveCfg = Release|x64
		{A4F20C22-85DF-439E-8FFD-7788D1AE38D0}.Release|x64.Build.0 = Release|x64
		{A4F20C22-85DF-439E-8FFD-7788D1AE38D0}.Release|x86.ActiveCfg = Release|Win32
		{A4F20C22-85DF-439E-8FFD-7788D1AE38D0}.Release|x86.Build.0 = Release|Win32
		{A486A8F0-F8DE-44E9-A9AC-829A30C006DA}.Debug|x64.ActiveCfg = Debug|x64
		{A486A8F0-F8DE-44E9-A9AC-829A30C006DA}.Debug|x64.Build.0 = Debug|x64
		{A486A8F0-F8DE-44E9-A9AC-829A30C006DA}.Debug|x86.ActiveCfg = Debug|Win32
		{A486A8F0-F8DE-44E9-A9AC-829A30C006DA}.Debug|x86.Build.0 = Debug|Win32
		{A486A8F0-F8DE-44E9-A9AC-829A30C006DA}.Release|x64.ActiveCfg = Release|x64
		{A486A8F0-F8DE-44E9-A9AC-829A30C006DA}.Release|x64.Build.0 = Release|x64
		{A486A8F0-F8DE-44E9-A9AC-829A30C006DA}.Release|x86.ActiveCfg = Release|Win32
		{A486A8F0-F8DE-44E9-A9AC-829A30C006DA}.Release|x86.Build.0 = Release|Win32
		{3AB70C98-5F91-40BA-AD3C-C48E91CADEA5}.Debug|x64.ActiveCfg = Debug|x64
		{3AB70C98-5F91-40BA-AD3C-C48E91CADEA5}.Debug|x64.Build.0 = Debug|x64
		{3AB70C98-5F91-40BA-AD3C-C48E91CADEA5}.Debug|x86.ActiveCfg = Debug|Win32
		{3AB70C98-5F91-40BA-AD3C-C48E91CADEA5}.Debug|x86.Build.0 = Debug|Win32
		{3AB70C98-5F91-40BA-AD3C-C48E91CADEA5}.Release|x64.ActiveCfg = Release|x64
		{3AB70C98-5F91-40BA-AD3C-C48E91CADEA5}.Release|x64.Build.0 = Release|x64
		{3AB70C98-5F91-40BA-AD3C-C48E91CADEA5}.Release|x86.ActiveCfg = Release|Win32
		{3AB70C98-5F91-40BA-AD3C-C48E91CADEA5}.Release|x86.Build.0 = Release|Win32
		{A6E3943B-CB56-44A0-BB84-0FF13690BE17}.Debug|x64.ActiveCfg = Debug|x64
		{A6E3943B-CB56-44A0-BB84-0FF13690BE17}.Debug|x64.Build.0 = Debug|x64
		{A6E3943B-CB56-44A0-BB84-0FF13690BE17}.Debug|x86.ActiveCfg = Debug|Win32
		{A6E3943B-CB56-44A0-BB84-0FF13690BE17}.Debug|x86.Build.0 = Debug|Win32
		{A6E3943B-CB56-44A0-BB84-0FF13690BE17}.Release|x64.ActiveCfg = Release|x64
		{A6E3943B-CB56-44A0-BB84-0FF13690BE17}.Release|x64.Build.0 = Release|x64
		{A6E3943B-CB56-44A0-BB84-0FF13690BE17}.Release|x86.ActiveCfg = Release|Win32
		{A6E3943B-CB56-44A0-BB84-0FF13690BE17}.Release|x86.Build.0 = Release|Win32
		{16F1ECBB-FF2B-48F1-B072-F87FD98373FC}.Debug|x64.ActiveCfg = Debug|x64
		{16F1ECBB-FF2B-48F1-B072-F87FD98373FC}.Debug|x64.Build.0 = Debug|x64
		{16F1ECBB-FF2B-48F1-B072-F87FD98373FC}.Debug|x86.ActiveCfg = Debug|Win32
		{16F1ECBB-FF2B-48F1-B072-F87FD98373FC}.Debug|x86.Build.0 = Debug|Win32
		{16F1ECBB-FF2B-48F1-B072-F87FD98373FC}.Release|x64.ActiveCfg = Release|x64
		{16F1ECBB-FF2B-48F1-B072-F87FD98373FC}.Release|x64.Build.0 = Release|x64
		{16F1ECBB-FF2B-48F1-B072-F87FD98373FC}.Release|x86.ActiveCfg = Release|Win32
		{16F1ECBB-FF2B-48F1-B072-F87FD98373FC}.Release|x86.Build.0 = Release|Win32
		{464E5252-912B-4107-A2A9-20D82AD7EEE2}.Debug|x64.ActiveCfg = Debug|x64
		{464E5252-912B-4107-A2A9-20D82AD7EEE2}.Debug|x64.Build.0 = Debug|x64
		{464E5252-912B-4107-A2A9-20D82AD7EEE2}.Debug|x86.ActiveCfg = Debug|Win32
		{464E5252-912B-4107-A2A9-20D82AD7EEE2}.Debug|x86.Build.0 = Debug|Win32
		{464E5252-912B-4107-A2A9-20D82AD7EEE2}.Release|x64.ActiveCfg = Release|x64
		{464E5252-912B-4107-A2A9-20D82AD7EEE2}.Release|x64.Build.0 = Release|x64
		{464E5252-912B-4107-A2A9-20D82AD7EEE2}.Release|x86.ActiveCfg = Release|Win32
		{464E5252-912B-4107-A2A9-20D82AD7EEE2}.Release|x86.Build.0 = Release|Win32
		{13EE6D29-19E0-4447-9703-7C4E370D836C}.Debug|x64.ActiveCfg = Debug|x64
		{13EE6D29-19E0-4447-9703-7C4E370D836C}.Debug|x64.Build.0 = Debug|x64
		{13EE6D29-19E0-4447-9703-7C4E370D836C}.Debug|x86.ActiveCfg = Debug|Win32
		{13EE6D29-19E0-4447-9703-7C4E370D836C}.Debug|x86.Build.0 = Debug|Win32
		{13EE6D29-19E0-4447-9703-7C4E370D836C}.Release|x64.ActiveCfg = Release|x64
		{13EE6D29-19E0-4447-9703-7C4E370D836C}.Release|x64.Build.0 = Release|x64
		{13EE6D29-19E0-4447-9703-7C4E370D836C}.Release|x86.ActiveCfg = Release|Win32
		{13EE6D29-19E0-4447-9703-7C4E370D836C}.Release|x86.Build.0 = Release|Win32
		{DD727671-D898-4559-BBD5-0CC71CB066C9}.Debug|x64.ActiveCfg = Debug|x64
		{DD727671-D898-4559-BBD5-0CC71CB066C9}.Debug|x64.Build.0 = Debug|x64
		{DD727671-D898-4559-BBD5-0CC71CB066C9}.Debug|x86.ActiveCfg = Debug|Win32
		{DD727671-D898-4559-BBD5-0CC71CB066C9}.Debug|x86.Build.0 = Debug|Win32
		{DD727671-D898-4559-BBD5-0CC71CB066C9}.Release|x64.ActiveCfg = Release|x64
		{DD727671-D898-4559-BBD5-0CC71CB066C9}.Release|x64.Build.0 = Release|x64
		{DD727671-D898-4559-BBD5-0CC71CB066C9}.Release|x86.ActiveCfg = Release|Win32
		{DD727671-D898-4559-BBD5-0CC71CB066C9}.Release|x86.Build.0 = Release|Win32
		{8D53638A-BCE1-4B2D-967E-C6A61D04F98E}.Debug|x64.ActiveCfg = Debug|x64
		{8D53638A-BCE1-4B2D-967E-C6A61D04F98E}.Debug|x64.Build.0 = Debug|x64
		{8D53638A-BCE1-4B2D-967E-C6A61D04F98E}.Debug|x86.ActiveCfg = Debug|Win32
		{8D53638A-BCE1-4B2D-967E-C6A61D04F98E}.Debug|x86.Build.0 = Debug|Win32
		{8D53638A-BCE1-4B2D-967E-C6A61D04F98E}.Release|x64.ActiveCfg = Release|x64
		{8D53638A-BCE1-4B2D-967E-C6A61D04F98E}.Release|x64.Build.0 = Release|x64
		{8D53638A-BCE1-4B2D-967E-C6A61D04F98E}.Release|x86.ActiveCfg = Release|Win32
		{8D53638A-BCE1-4B2D-967E-C6A61D04F98E}.Release|x86.Build.0 = Release|Win32
		{25749C80-B814-4BA9-BE11-7678368E9C81}.Debug|x64.ActiveCfg = Debug|x64
		{25749C80-B814-4BA9-BE11-7678368E9C81}.Debug|x64.Build.0 = Debug|x64
		{25749C80-B814-4BA9-BE11-7678368E9C81}.Debug|x86.ActiveCfg = Debug|Win32
		{25749C80-B814-4BA9-BE11-7678368E9C81}.Debug|x86.Build.0 = Debug|Win32
		{25749C80-B814-4BA9-BE11-7678368E9C81}.Release|x64.ActiveCfg = Release|x64
		{25749C80-B814-4BA9-BE11-7678368E9C81}.Release|x64.Build.0 = Release|x64
		{25749C80-B814-4BA9-BE11-7678368E9C81}.Release|x86.ActiveCfg = Release|Win32
		{25749C80-B814-4BA9-BE11-7678368E9C81}.Release|x86.Build.0 = Release|Win32
		{4F909EA6-EF19-45B0-94A9-14F41B12F0E8}.Debug|x64.ActiveCfg = Debug|x64
		{4F909EA6-EF19-45B0-94A9-14F41B12F0E8}.Debug|x64.Build.0 = Debug|x64
		{4F909EA6-EF19-45B0-94A9-14F41B12F0E8}.Debug|x86.ActiveCfg = Debug|Win32
		{4F909EA6-EF19-45B0-94A9-14F41B12F0E8}.Debug|x86.Build.0 = Debug|Win32
		{4F909EA6-EF19-45B0-94A9-14F41B12F0E8}.Release|x64.ActiveCfg = Release|x64
		{4F909EA6-EF19-45B0-94A9-14F41B12F0E8}.Release|x64.Build.0 = Release|x64
		{4F909EA6-EF19-45B0-94A9-14F41B12F0E8}.Release|x86.ActiveCfg = Release|Win32
		{4F909EA6-EF19-45B0-94A9-14F41B12F0E8}.Release|x86.Build.0 = Release|Win32
		{F64274B6-397D-4984-BA54-31D89C13938A}.Debug|x64.ActiveCfg = Debug|x64
		{F64274B6-397D-4984-BA54-31D89C13938A}.Debug|x64.Build.0 = Debug|x64
		{F64274B6-397D-4984-BA54-31D89C13938A}.Debug|x86.ActiveCfg = Debug|Win32
		{F64274B6-397D-4984-BA54-31D89C13938A}.Debug|x86.Build.0 = Debug|Win32
		{F64274B6-397D-4984-BA54-31D89C13938A}.Release|x64.ActiveCfg = Release|x64
		{F64274B6-397D-4984-BA54-31D89C13938A}.Release|x64.Build.0 = Release|x64
		{F64274B6-397D-4984-BA54-31D89C13938A}.Release|x86.ActiveCfg = Release|Win32
		{F64274B6-397D-4984-BA54-31D89C13938A}.Release|x86.Build.0 = Release|Win32
		{5E7866FD-F899-4C82-A80F-DCB9E736BB03}.Debug|x64.ActiveCfg = Debug|x64
		{5E7866FD-F899-4C82-A80F-DCB9E736BB03}.Debug|x64.Build.0 = Debug|x64
		{5E7866FD-F899-4C82-A80F-DCB9E736BB03}.Debug|x86.ActiveCfg = Debug|Win32
		{5E7866FD-F899-4C82-A80F-DCB9E736BB03}.Debug|x86.Build.0 = Debug|Win32
		{5E7866FD-F899-4C82-A80F-DCB9E736BB03}.Release|x64.ActiveCfg = Release|x64
		{5E7866FD-F899-4C82-A80F-DCB9E736BB03}.Release|x64.Build.0 = Release|x64
		{5E7866FD-F899-4C82-A80F-DCB9E736BB03}.Release|x86.ActiveCfg = Release|Win32
		{5E7866FD-F899-4C82-A80F-DCB9E736BB03}.Release|x86.Build.0 = Release|Win32
		{D114FF5A-B5A6-4E97-AE27-85E4857C8EED}.Debug|x64.ActiveCfg = Debug|x64
		{D114FF5A-B5A6-4E97-AE27-85E4857C8EED}.Debug|x64.Build.0 = Debug|x64
		{D114FF5A-B5A6-4E97-AE27-85E4857C8EED}.Debug|x86.ActiveCfg = Debug|Win32
		{D114FF5A-B5A6-4E97-AE27-85E4857C8EED}.Debug|x86.Build.0 = Debug|Win32
		{D114FF5A-B5A6-4E97-AE27-85E4857C8EED}.Release|x64.ActiveCfg = Release|x64
		{D114FF5A-B5A6-4E97-AE27-85E4857C8EED}.Release|x64.Build.0 = Release|x64
		{D114FF5A-B5A6-4E97-AE27-85E4857C8EED}.Release|x86.ActiveCfg = Release|Win32
		{D114FF5A-B5A6-4E97-AE27-85E4857C8EED}.Release|x86.Build.0 = Release|Win32
		{97FC5826-D3BE-4EF0-80D8-A0F4D3DC3DC1}.Debug|x64.ActiveCfg = Debug|x64
		{97FC5826-D3BE-4EF0-80D8-A0F4D3DC3DC1}.Debug|x64.Build.0 = Debug|x64
		{97FC5826-D3BE-4EF0-80D8-A0F4D3DC3DC1}.Debug|x86.ActiveCfg = Debug|Win32
		{97FC5826-D3BE-4EF0-80D8-A0F4D3DC3DC1}.Debug|x86.Build.0 = Debug|Win32
		{97FC5826-D3BE-4EF0-80D8-A0F4D3DC3DC1}.Release|x64.ActiveCfg = Release|x64
		{97FC5826-D3BE-4EF0-80D8-A0F4D3DC3DC1}.Release|x64.Build.0 = Release|x64
		{97FC5826-D3BE-4EF0-80D8-A0F4D3DC3DC1}.Release|x86.ActiveCfg = Release|Win32
		{97FC5826-D3BE-4EF0-80D8-A0F4D3DC3DC1}.Release|x86.Build.0 = Release|Win32
		{BD1919C1-D829-467A-92C5-6696CAC18AC9}.Debug|x64.ActiveCfg = Debug|x64
		{BD1919C1-D829-467A-92C5-6696CAC18AC9}.Debug|x64.Build.0 = Debug|x64
		{BD1919C1-D829-467A-92C5-6696CAC18AC9}.Debug|x86.ActiveCfg = Debug|Win32
		{BD1919C1-D829-467A-92C5-6696CAC18AC9}.Debug|x86.Build.0 = Debug|Win32
		{BD1919C1-D829-467A-92C5-6696CAC18AC9}.Release|x64.ActiveCfg = Release|x64
		{BD1919C1-D829-467A-92C5-6696CAC18AC9}.Release|x64.Build.0 = Release|x64
		{BD1919C1-D829-467A-92C5-6696CAC18AC9}.Release|x86.ActiveCfg = Release|Win32
		{BD1919C1-D829-467A-92C5-6696CAC18AC9}.Release|x86.Build.0 = Release|Win32
		{E5BD6147-3CB0-46DF-B21E-F69A3DA283CF}.Debug|x64.ActiveCfg = Debug|x64
		{E5BD6147-3CB0-46DF-B21E-F69A3DA283CF}.Debug|x64.Build.0 = Debug|x64
		{E5BD6147-3CB0-46DF-B21E-F69A3DA283CF}.Debug|x86.ActiveCfg = Debug|Win32
		{E5BD6147-3CB0-46DF-B21E-F69A3DA283CF}.Debug|x86.Build.0 = Debug|Win32
		{E5BD6147-3CB0-46DF-B21E-F69A3DA283CF}.Release|x64.ActiveCfg = Release|x64
		{E5BD6147-3CB0-46DF-B21E-F69A3DA283CF}.Release|x64.Build.0 = Release|x64
		{E5BD6147-3CB0-46DF-B21E-F69A3DA283CF}.Release|x86.ActiveCfg = Release|Win32
		{E5BD6147-3CB0-46DF-B21E-F69A3DA283CF}.Release|x86.Build.0 = Release|Win32
		{3C58E389-EBF2-4758-A138-1AEE37436A4C}.Debug|x64.ActiveCfg = Debug|x64
		{3C58E389-EBF2-4758-A138-1AEE37436A4C}.Debug|x64.Build.0 = Debug|x64
		{3C58E389-EBF2-4758-A138-1AEE37436A4C}.Debug|x86.ActiveCfg = Debug|Win32
		{3C58E389-EBF2-4758-A138-1AEE37436A4C}.Debug|x86.Build.0 = Debug|Win32
		{3C58E389-EBF2-4758-A138-1AEE37436A4C}.Release|x64.ActiveCfg = Release|x64
		{3C58E389-EBF2-4758-A138-1AEE37436A4C}.Release|x64.Build.0 = Release|x64
		{3C58E389-EBF2-4758-A138-1AEE37436A4C}.Release|x86.ActiveCfg = Release|Win32
		{3C58E389-EBF2-4758-A138-1AEE37436A4C}.Release|x86.Build.0 = Release|Win32
		{8D98E069-E413-47A6-9B99-17E9922C2DEF}.Debug|x64.ActiveCfg = Debug|x64
		{8D98E069-E413-47A6-9B99-17E9922C2DEF}.Debug|x64.Build.0 = Debug|x64
		{8D98E069-E413-47A6-9B99-17E9922C2DEF}.Debug|x86.ActiveCfg = Debug|Win32
		{8D98E069-E413-47A6-9B99-17E9922C2DEF}.Debug|x86.Build.0 = Debug|Win32
		{8D98E069-E413-47A6-9B99-17E9922C2DEF}.Release|x64.ActiveCfg = Release|x64
		{8D98E069-E413-47A6-9B99-17E9922C2DEF}.Release|x64.Build.0 = Release|x64
		{8D98E069-E413-47A6-9B99-17E9922C2DEF}.Release|x86.ActiveCfg = Release|Win32
		{8D98E069-E413-47A6-9B99-17E9922C2DEF}.Release|x86.Build.0 = Release|Win32
		{BE580DCB-54A8-462C-B7A0-27DB030C0C1F}.Debug|x64.ActiveCfg = Debug|x64
		{BE580DCB-54A8-462C-B7A0-27DB030C0C1F}.Debug|x64.Build.0 = Debug|x64
		{BE580DCB-54A8-462C-B7A0-27DB030C0C1F}.Debug|x86.ActiveCfg = Debug|Win32
		{BE580DCB-54A8-462C-B7A0-27DB030C0C1F}.Debug|x86.Build.0 = Debug|Win32
		{BE580DCB-54A8-462C-B7A0-27DB030C0C1F}.Release|x64.ActiveCfg = Release|x64
		{BE580DCB-54A8-462C-B7A0-27DB030C0C1F}.Release|x64.Build.0 = Release|x64
		{BE580DCB-54A8-462C-B7A0-27DB030C0C1F}.Release|x86.ActiveCfg = Release|Win32
		{BE580DCB-54A8-462C-B7A0-27DB030C0C1F}.Release|x86.Build.0 = Release|Win32
		{F948DFB5-40B7-4EAE-A5DA-8D7363204575}.Debug|x64.ActiveCfg = Debug|x64
		{F948DFB5-40B7-4EAE-A5DA-8D7363204575}.Debug|x64.Build.0 = Debug|x64
		{F948DFB5-40B7-4EAE-A5DA-8D7363204575}.Debug|x86.ActiveCfg = Debug|Win32
		{F948DFB5-40B7-4EAE-A5DA-8D7363204575}.Debug|x86.Build.0 = Debug|Win32
		{F948DFB5-40B7-4EAE-A5DA-8D7363204575}.Release|x64.ActiveCfg = Release|x64
		{F948DFB5-40B7-4EAE-A5DA-8D7363204575}.Release|x64.Build.0 = Release|x64
		{F948DFB5-40B7-4EAE-A5DA-8D7363204575}.Release|x86.ActiveCfg = Release|Win32
		{F948DFB5-40B7-4EAE-A5DA-8D7363204575}.Release|x86.Build.0 = Release|Win32
		{594EEE9B-957B-4B66-A5BB-A3C5CCA66703}.Debug|x64.ActiveCfg = Debug|x64
		{594EEE9B-957B-4B66-A5BB-A3C5CCA66703}.Debug|x64.Build.0 = Debug|x64
		{594EEE9B-957B-4B66-A5BB-A3C5CCA66703}.Debug|x86.ActiveCfg = Debug|Win32
		{594EEE9B-957B-4B66-A5BB-A3C5CCA66703}.Debug|x86.Build.0 = Debug|Win32
		{594EEE9B-957B-4B66-A5BB-A3C5CCA66703}.Release|x64.ActiveCfg = Release|x64
		{594EEE9B-957B-4B66-A5BB-A3C5CCA66703}.Release|x64.Build.0 = Release|x64
		{594EEE9B-957B-4B66-A5BB-A3C5CCA66703}.Release|x86.ActiveCfg = Release|Win32
		{594EEE9B-957B-4B66-A5BB-A3C5CCA66703}.Release|x86.Build.0 = Release|Win32
		{7B55ACAA-436C-4851-A100-13D4A80D8590}.Debug|x64.ActiveCfg = Debug|x64
		{7B55ACAA-436C-4851-A100-13D4A80D8590}.Debug|x64.Build.0 = Debug|x64
		{7B55ACAA-436C-4851-A100-13D4A80D8590}.Debug|x86.ActiveCfg = Debug|Win32
		{7B55ACAA-436C-4851-A100-13D4A80D8590}.Debug|x86.Build.0 = Debug|Win32
		{7B55ACAA-436C-4851-A100-13D4A80D8590}.Release|x64.ActiveCfg = Release|x64
		{7B55ACAA-436C-4851-A100-13D4A80D8590}.Release|x64.Build.0 = Release|x64
		{7B55ACAA-436C-4851-A100-13D4A80D8590}.Release|x86.ActiveCfg = Release|Win32
		{7B55ACAA-436C-4851-A100-13D4A80D8590}.Release|x86.Build.0 = Release|Win32
		{27FF9256-8659-4FE5-9372-3DB3DCA6957A}.Debug|x64.ActiveCfg = Debug|x64
		{27FF9256-8659-4FE5-9372-3DB3DCA6957A}.Debug|x64.Build.0 = Debug|x64
		{27FF9256-8659-4FE5-9372-3DB3DCA6957A}.Debug|x86.ActiveCfg = Debug|Win32
		{27FF9256-8659-4FE5-9372-3DB3DCA6957A}.Debug|x86.Build.0 = Debug|Win32
		{27FF9256-8659-4FE5-9372-3DB3DCA6957A}.Release|x64.ActiveCfg = Release|x64
		{27FF9256-8659-4FE5-9372-3DB3DCA6957A}.Release|x64.Build.0 = Release|x64
		{27FF9256-8659-4FE5-9372-3DB3DCA6957A}.Release|x86.ActiveCfg = Release|Win32
		{27FF9256-8659-4FE5-9372-3DB3DCA6957A}.Release|x86.Build.0 = Release|Win32
	EndGlobalSection
	GlobalSection(SolutionProperties) = preSolution
		HideSolutionNode = FALSE
	EndGlobalSection
	GlobalSection(NestedProjects) = preSolution
		{28C94DCB-D410-4AD9-8067-0B21EE95FBEB} = {518C1B49-186F-4F42-AFC0-8AC7AE898B8B}
		{DC3114C9-30A9-4E5F-8BB6-7DDEA37CCE91} = {518C1B49-186F-4F42-AFC0-8AC7AE898B8B}
		{F197E7C0-543B-492C-8611-0736A8C09364} = {518C1B49-186F-4F42-AFC0-8AC7AE898B8B}
		{E59CF04E-CF10-405E-8EBA-5CBC243719F0} = {518C1B49-186F-4F42-AFC0-8AC7AE898B8B}
		{B398B88E-5AFC-4666-B01F-09DAC0CDC350} = {0BF8B672-8C61-4B56-8963-FC9593AC387F}
		{A4F20C22-85DF-439E-8FFD-7788D1AE38D0} = {0BF8B672-8C61-4B56-8963-FC9593AC387F}
		{A486A8F0-F8DE-44E9-A9AC-829A30C006DA} = {0BF8B672-8C61-4B56-8963-FC9593AC387F}
		{3AB70C98-5F91-40BA-AD3C-C48E91CADEA5} = {D9F40639-FF98-4265-9669-6BE843C28FD7}
		{A6E3943B-CB56-44A0-BB84-0FF13690BE17} = {D9F40639-FF98-4265-9669-6BE843C28FD7}
		{16F1ECBB-FF2B-48F1-B072-F87FD98373FC} = {9F5263DF-2CA7-49D2-8CC1-F0F68CBBB29C}
		{464E5252-912B-4107-A2A9-20D82AD7EEE2} = {9F5263DF-2CA7-49D2-8CC1-F0F68CBBB29C}
		{13EE6D29-19E0-4447-9703-7C4E370D836C} = {D9F40639-FF98-4265-9669-6BE843C28FD7}
		{DD727671-D898-4559-BBD5-0CC71CB066C9} = {9F5263DF-2CA7-49D2-8CC1-F0F68CBBB29C}
		{8D53638A-BCE1-4B2D-967E-C6A61D04F98E} = {2B31683F-7A20-4EBD-80EC-6CEA8EAB1090}
		{25749C80-B814-4BA9-BE11-7678368E9C81} = {2B31683F-7A20-4EBD-80EC-6CEA8EAB1090}
		{4F909EA6-EF19-45B0-94A9-14F41B12F0E8} = {2B31683F-7A20-4EBD-80EC-6CEA8EAB1090}
		{F64274B6-397D-4984-BA54-31D89C13938A} = {3EBA904A-7DD7-42F6-B6B2-03D5FDCF7C5F}
		{5E7866FD-F899-4C82-A80F-DCB9E736BB03} = {3EBA904A-7DD7-42F6-B6B2-03D5FDCF7C5F}
		{D114FF5A-B5A6-4E97-AE27-85E4857C8EED} = {3EBA904A-7DD7-42F6-B6B2-03D5FDCF7C5F}
		{97FC5826-D3BE-4EF0-80D8-A0F4D3DC3DC1} = {1566C52F-0B16-48D1-8C23-C94F94161E2C}
		{BD1919C1-D829-467A-92C5-6696CAC18AC9} = {1566C52F-0B16-48D1-8C23-C94F94161E2C}
		{E5BD6147-3CB0-46DF-B21E-F69A3DA283CF} = {1566C52F-0B16-48D1-8C23-C94F94161E2C}
		{3C58E389-EBF2-4758-A138-1AEE37436A4C} = {B743FC23-428A-4994-8D79-B6F911F9045B}
		{8D98E069-E413-47A6-9B99-17E9922C2DEF} = {B743FC23-428A-4994-8D79-B6F911F9045B}
		{BE580DCB-54A8-462C-B7A0-27DB030C0C1F} = {B743FC23-428A-4994-8D79-B6F911F9045B}
		{F948DFB5-40B7-4EAE-A5DA-8D7363204575} = {49776FD6-6B48-4448-B10B-628B7E0EC70F}
		{594EEE9B-957B-4B66-A5BB-A3C5CCA66703} = {49776FD6-6B48-4448-B10B-628B7E0EC70F}
		{7B55ACAA-436C-4851-A100-13D4A80D8590} = {49776FD6-6B48-4448-B10B-628B7E0EC70F}
		{27FF9256-8659-4FE5-9372-3DB3DCA6957A} = {154F508F-8BC0-489E-A8E7-B62A97A4F86C}
	EndGlobalSection
	GlobalSection(ExtensibilityGlobals) = postSolution
		SolutionGuid = {F4A984A8-1D7F-48B7-87C3-3E21F38E44E7}
	EndGlobalSection
EndGlobal
