
Microsoft Visual Studio Solution File, Format Version 12.00
# Visual Studio Version 17
VisualStudioVersion = 17.6.33723.286
MinimumVisualStudioVersion = 10.0.40219.1
Project("{2150E333-8FDC-42A3-9474-1A3956D46DE8}") = "2024", "2024", "{0BF8B672-8C61-4B56-8963-FC9593AC387F}"
EndProject
Project("{8BC9CEB8-8B4A-11D0-8D11-00A0C91BC942}") = "2024_Bronze_Dec_P1", "2024\2024_Bronze_Dec_P1\2024_Bronze_Dec_P1.vcxproj", "{B398B88E-5AFC-4666-B01F-09DAC0CDC350}"
EndProject
Project("{8BC9CEB8-8B4A-11D0-8D11-00A0C91BC942}") = "2024_Bronze_Dec_P2", "2024\2024_Bronze_Dec_P2\2024_Bronze_Dec_P2.vcxproj", "{A4F20C22-85DF-439E-8FFD-7788D1AE38D0}"
EndProject
Project("{8BC9CEB8-8B4A-11D0-8D11-00A0C91BC942}") = "2024_Bronze_Dec_P3", "2024\2024_Bronze_Dec_P3\2024_Bronze_Dec_P3.vcxproj", "{A486A8F0-F8DE-44E9-A9AC-829A30C006DA}"
EndProject
Project("{8BC9CEB8-8B4A-11D0-8D11-00A0C91BC942}") = "2023_Bronze_Jan_P1_Leaders", "2023\Bronze_Jan\2023_Bronze_Jan_P1_Leaders\2023_Bronze_Jan_P1_Leaders.vcxproj", "{3AA75FE1-54DA-4263-9D0D-4ED844AA644B}"
EndProject
Project("{2150E333-8FDC-42A3-9474-1A3956D46DE8}") = "2023_Jan", "2023_Jan", "{EFEC4269-FEEA-465A-9164-D58106DF838C}"
EndProject
Project("{8BC9CEB8-8B4A-11D0-8D11-00A0C91BC942}") = "2023_Bronze_Jan_P2_AirCownditioning", "2023\Bronze_Jan\2023_Bronze_Jan_P2_AirCownditioning\2023_Bronze_Jan_P2_AirCownditioning.vcxproj", "{91D184D8-75CB-437C-82B9-8B9110DAFC7A}"
EndProject
Project("{8BC9CEB8-8B4A-11D0-8D11-00A0C91BC942}") = "2023_Bronze_Jan_P3_MooOperations", "2023\Bronze_Jan\2023_Bronze_Jan_P3_MooOperations\2023_Bronze_Jan_P3_MooOperations.vcxproj", "{AD7A55C5-2622-4515-AB39-A1B2E229C5A0}"
EndProject
Project("{2150E333-8FDC-42A3-9474-1A3956D46DE8}") = "2023_Feb", "2023_Feb", "{BCC898C5-A65A-4CD8-913C-D965BAEB0B4E}"
EndProject
Project("{8BC9CEB8-8B4A-11D0-8D11-00A0C91BC942}") = "2023_Bronze_Feb_P1_HungryCow", "2023\Bronze_Feb\2023_Bronze_Feb_P1_HungryCow\2023_Bronze_Feb_P1_HungryCow.vcxproj", "{FB3DEA33-34EC-41E0-B9CF-5B371DEC1265}"
EndProject
Project("{8BC9CEB8-8B4A-11D0-8D11-00A0C91BC942}") = "2023_Bronze_Feb_P3_WatchingMooLoo", "2023\Bronze_Feb\2023_Bronze_Feb_P3_WatchingMooLoo\2023_Bronze_Feb_P3_WatchingMooLoo.vcxproj", "{F5BF4779-7F6C-4CE2-82C8-16ED3E3D1F49}"
EndProject
Project("{2150E333-8FDC-42A3-9474-1A3956D46DE8}") = "2024_Jan", "2024_Jan", "{9B879EA3-3A74-4317-A419-15A1A48A75AF}"
EndProject
Project("{8BC9CEB8-8B4A-11D0-8D11-00A0C91BC942}") = "2024_Bronze_Jan_P1", "2024_Jan\2024_Bronze_Jan_P1\2024_Bronze_Jan_P1.vcxproj", "{E059C150-4EB8-4A3A-BB49-17156E10DC52}"
EndProject
Project("{8BC9CEB8-8B4A-11D0-8D11-00A0C91BC942}") = "2024_Bronze_Jan_P2", "2024_Jan\2024_Bronze_Jan_P2\2024_Bronze_Jan_P2.vcxproj", "{D0E2062E-D623-4903-8EE0-C3F6D18EC4C7}"
EndProject
Project("{8BC9CEB8-8B4A-11D0-8D11-00A0C91BC942}") = "2024_Bronze_Jan_P3", "2024_Jan\2024_Bronze_Jan_P3\2024_Bronze_Jan_P3.vcxproj", "{0D817E74-BB35-4C6F-B426-EB94F7E33FE2}"
EndProject
Project("{2150E333-8FDC-42A3-9474-1A3956D46DE8}") = "2024_Feb", "2024_Feb", "{A5280D73-97C4-4E48-99F8-5D229520472E}"
EndProject
Project("{8BC9CEB8-8B4A-11D0-8D11-00A0C91BC942}") = "2024_Bronze_Feb_P1", "2024_Feb\2024_Bronze_Feb_P1\2024_Bronze_Feb_P1.vcxproj", "{0E3F35D7-EACF-4DAB-B858-93A3BC06D543}"
EndProject
Project("{8BC9CEB8-8B4A-11D0-8D11-00A0C91BC942}") = "2024_Bronze_Feb_P2", "2024_Feb\2024_Bronze_Feb_P2\2024_Bronze_Feb_P2.vcxproj", "{DAF7044C-60EF-466F-ACED-EAAFF8ADA1CA}"
EndProject
Project("{8BC9CEB8-8B4A-11D0-8D11-00A0C91BC942}") = "2024_Bronze_Feb_P3", "2024_Feb\2024_Bronze_Feb_P3\2024_Bronze_Feb_P3.vcxproj", "{42E55B0B-A197-4242-906F-8CD40940BF1E}"
EndProject
Project("{8BC9CEB8-8B4A-11D0-8D11-00A0C91BC942}") = "2024_Bronze_Open_P1", "2024_Open\2024_Bronze_Open_P1\2024_Bronze_Open_P1.vcxproj", "{039B5128-73B2-4293-B13A-0D3946AE9589}"
EndProject
Project("{2150E333-8FDC-42A3-9474-1A3956D46DE8}") = "2024_Open", "2024_Open", "{8EF79E28-BCA7-4E8A-8B55-D1CAA45E208C}"
EndProject
Project("{8BC9CEB8-8B4A-11D0-8D11-00A0C91BC942}") = "2024_Bronze_Open_P2", "2024_Open\2024_Bronze_Open_P2\2024_Bronze_Open_P2.vcxproj", "{B9118DFE-8D60-4E62-83A8-E10CBDC44112}"
EndProject
Project("{8BC9CEB8-8B4A-11D0-8D11-00A0C91BC942}") = "2024_Bronze_Open_P3", "2024_Open\2024_Bronze_Open_P3\2024_Bronze_Open_P3.vcxproj", "{031581D2-2490-46B1-B935-ED310184C41A}"
EndProject
Project("{2150E333-8FDC-42A3-9474-1A3956D46DE8}") = "2024-2025", "2024-2025", "{89F3C33A-DB88-4B87-8B06-7171501531B2}"
EndProject
Project("{8BC9CEB8-8B4A-11D0-8D11-00A0C91BC942}") = "2024_Dec_Bronze_P1", "2024-2025\2024_Dec\2024_Dec_Bronze_P1\2024_Dec_Bronze_P1.vcxproj", "{F65A3091-EE61-48C6-8627-E4FDA9C69AE3}"
EndProject
Project("{8BC9CEB8-8B4A-11D0-8D11-00A0C91BC942}") = "2024_Dec_Bronze_P2", "2024-2025\2024_Dec\2024_Dec_Bronze_P2\2024_Dec_Bronze_P2.vcxproj", "{6A277AE4-073A-46C2-B7A0-DF07B0816641}"
EndProject
Project("{8BC9CEB8-8B4A-11D0-8D11-00A0C91BC942}") = "2024_Dec_Bronze_P3", "2024-2025\2024_Dec\2024_Dec_Bronze_P3\2024_Dec_Bronze_P3.vcxproj", "{218465E1-8D70-4EAA-8A43-FC12A14F769B}"
EndProject
Project("{2150E333-8FDC-42A3-9474-1A3956D46DE8}") = "2024Dec", "2024Dec", "{0B9020E2-D878-4026-B2D6-11CA0F9F66D4}"
EndProject
Global
	GlobalSection(SolutionConfigurationPlatforms) = preSolution
		Debug|x64 = Debug|x64
		Debug|x86 = Debug|x86
		Release|x64 = Release|x64
		Release|x86 = Release|x86
	EndGlobalSection
	GlobalSection(ProjectConfigurationPlatforms) = postSolution
		{B398B88E-5AFC-4666-B01F-09DAC0CDC350}.Debug|x64.ActiveCfg = Debug|x64
		{B398B88E-5AFC-4666-B01F-09DAC0CDC350}.Debug|x64.Build.0 = Debug|x64
		{B398B88E-5AFC-4666-B01F-09DAC0CDC350}.Debug|x86.ActiveCfg = Debug|Win32
		{B398B88E-5AFC-4666-B01F-09DAC0CDC350}.Debug|x86.Build.0 = Debug|Win32
		{B398B88E-5AFC-4666-B01F-09DAC0CDC350}.Release|x64.ActiveCfg = Release|x64
		{B398B88E-5AFC-4666-B01F-09DAC0CDC350}.Release|x64.Build.0 = Release|x64
		{B398B88E-5AFC-4666-B01F-09DAC0CDC350}.Release|x86.ActiveCfg = Release|Win32
		{B398B88E-5AFC-4666-B01F-09DAC0CDC350}.Release|x86.Build.0 = Release|Win32
		{A4F20C22-85DF-439E-8FFD-7788D1AE38D0}.Debug|x64.ActiveCfg = Debug|x64
		{A4F20C22-85DF-439E-8FFD-7788D1AE38D0}.Debug|x64.Build.0 = Debug|x64
		{A4F20C22-85DF-439E-8FFD-7788D1AE38D0}.Debug|x86.ActiveCfg = Debug|Win32
		{A4F20C22-85DF-439E-8FFD-7788D1AE38D0}.Debug|x86.Build.0 = Debug|Win32
		{A4F20C22-85DF-439E-8FFD-7788D1AE38D0}.Release|x64.ActiveCfg = Release|x64
		{A4F20C22-85DF-439E-8FFD-7788D1AE38D0}.Release|x64.Build.0 = Release|x64
		{A4F20C22-85DF-439E-8FFD-7788D1AE38D0}.Release|x86.ActiveCfg = Release|Win32
		{A4F20C22-85DF-439E-8FFD-7788D1AE38D0}.Release|x86.Build.0 = Release|Win32
		{A486A8F0-F8DE-44E9-A9AC-829A30C006DA}.Debug|x64.ActiveCfg = Debug|x64
		{A486A8F0-F8DE-44E9-A9AC-829A30C006DA}.Debug|x64.Build.0 = Debug|x64
		{A486A8F0-F8DE-44E9-A9AC-829A30C006DA}.Debug|x86.ActiveCfg = Debug|Win32
		{A486A8F0-F8DE-44E9-A9AC-829A30C006DA}.Debug|x86.Build.0 = Debug|Win32
		{A486A8F0-F8DE-44E9-A9AC-829A30C006DA}.Release|x64.ActiveCfg = Release|x64
		{A486A8F0-F8DE-44E9-A9AC-829A30C006DA}.Release|x64.Build.0 = Release|x64
		{A486A8F0-F8DE-44E9-A9AC-829A30C006DA}.Release|x86.ActiveCfg = Release|Win32
		{A486A8F0-F8DE-44E9-A9AC-829A30C006DA}.Release|x86.Build.0 = Release|Win32
		{3AA75FE1-54DA-4263-9D0D-4ED844AA644B}.Debug|x64.ActiveCfg = Debug|x64
		{3AA75FE1-54DA-4263-9D0D-4ED844AA644B}.Debug|x64.Build.0 = Debug|x64
		{3AA75FE1-54DA-4263-9D0D-4ED844AA644B}.Debug|x86.ActiveCfg = Debug|Win32
		{3AA75FE1-54DA-4263-9D0D-4ED844AA644B}.Debug|x86.Build.0 = Debug|Win32
		{3AA75FE1-54DA-4263-9D0D-4ED844AA644B}.Release|x64.ActiveCfg = Release|x64
		{3AA75FE1-54DA-4263-9D0D-4ED844AA644B}.Release|x64.Build.0 = Release|x64
		{3AA75FE1-54DA-4263-9D0D-4ED844AA644B}.Release|x86.ActiveCfg = Release|Win32
		{3AA75FE1-54DA-4263-9D0D-4ED844AA644B}.Release|x86.Build.0 = Release|Win32
		{91D184D8-75CB-437C-82B9-8B9110DAFC7A}.Debug|x64.ActiveCfg = Debug|x64
		{91D184D8-75CB-437C-82B9-8B9110DAFC7A}.Debug|x64.Build.0 = Debug|x64
		{91D184D8-75CB-437C-82B9-8B9110DAFC7A}.Debug|x86.ActiveCfg = Debug|Win32
		{91D184D8-75CB-437C-82B9-8B9110DAFC7A}.Debug|x86.Build.0 = Debug|Win32
		{91D184D8-75CB-437C-82B9-8B9110DAFC7A}.Release|x64.ActiveCfg = Release|x64
		{91D184D8-75CB-437C-82B9-8B9110DAFC7A}.Release|x64.Build.0 = Release|x64
		{91D184D8-75CB-437C-82B9-8B9110DAFC7A}.Release|x86.ActiveCfg = Release|Win32
		{91D184D8-75CB-437C-82B9-8B9110DAFC7A}.Release|x86.Build.0 = Release|Win32
		{AD7A55C5-2622-4515-AB39-A1B2E229C5A0}.Debug|x64.ActiveCfg = Debug|x64
		{AD7A55C5-2622-4515-AB39-A1B2E229C5A0}.Debug|x64.Build.0 = Debug|x64
		{AD7A55C5-2622-4515-AB39-A1B2E229C5A0}.Debug|x86.ActiveCfg = Debug|Win32
		{AD7A55C5-2622-4515-AB39-A1B2E229C5A0}.Debug|x86.Build.0 = Debug|Win32
		{AD7A55C5-2622-4515-AB39-A1B2E229C5A0}.Release|x64.ActiveCfg = Release|x64
		{AD7A55C5-2622-4515-AB39-A1B2E229C5A0}.Release|x64.Build.0 = Release|x64
		{AD7A55C5-2622-4515-AB39-A1B2E229C5A0}.Release|x86.ActiveCfg = Release|Win32
		{AD7A55C5-2622-4515-AB39-A1B2E229C5A0}.Release|x86.Build.0 = Release|Win32
		{FB3DEA33-34EC-41E0-B9CF-5B371DEC1265}.Debug|x64.ActiveCfg = Debug|x64
		{FB3DEA33-34EC-41E0-B9CF-5B371DEC1265}.Debug|x64.Build.0 = Debug|x64
		{FB3DEA33-34EC-41E0-B9CF-5B371DEC1265}.Debug|x86.ActiveCfg = Debug|Win32
		{FB3DEA33-34EC-41E0-B9CF-5B371DEC1265}.Debug|x86.Build.0 = Debug|Win32
		{FB3DEA33-34EC-41E0-B9CF-5B371DEC1265}.Release|x64.ActiveCfg = Release|x64
		{FB3DEA33-34EC-41E0-B9CF-5B371DEC1265}.Release|x64.Build.0 = Release|x64
		{FB3DEA33-34EC-41E0-B9CF-5B371DEC1265}.Release|x86.ActiveCfg = Release|Win32
		{FB3DEA33-34EC-41E0-B9CF-5B371DEC1265}.Release|x86.Build.0 = Release|Win32
		{F5BF4779-7F6C-4CE2-82C8-16ED3E3D1F49}.Debug|x64.ActiveCfg = Debug|x64
		{F5BF4779-7F6C-4CE2-82C8-16ED3E3D1F49}.Debug|x64.Build.0 = Debug|x64
		{F5BF4779-7F6C-4CE2-82C8-16ED3E3D1F49}.Debug|x86.ActiveCfg = Debug|Win32
		{F5BF4779-7F6C-4CE2-82C8-16ED3E3D1F49}.Debug|x86.Build.0 = Debug|Win32
		{F5BF4779-7F6C-4CE2-82C8-16ED3E3D1F49}.Release|x64.ActiveCfg = Release|x64
		{F5BF4779-7F6C-4CE2-82C8-16ED3E3D1F49}.Release|x64.Build.0 = Release|x64
		{F5BF4779-7F6C-4CE2-82C8-16ED3E3D1F49}.Release|x86.ActiveCfg = Release|Win32
		{F5BF4779-7F6C-4CE2-82C8-16ED3E3D1F49}.Release|x86.Build.0 = Release|Win32
		{E059C150-4EB8-4A3A-BB49-17156E10DC52}.Debug|x64.ActiveCfg = Debug|x64
		{E059C150-4EB8-4A3A-BB49-17156E10DC52}.Debug|x64.Build.0 = Debug|x64
		{E059C150-4EB8-4A3A-BB49-17156E10DC52}.Debug|x86.ActiveCfg = Debug|Win32
		{E059C150-4EB8-4A3A-BB49-17156E10DC52}.Debug|x86.Build.0 = Debug|Win32
		{E059C150-4EB8-4A3A-BB49-17156E10DC52}.Release|x64.ActiveCfg = Release|x64
		{E059C150-4EB8-4A3A-BB49-17156E10DC52}.Release|x64.Build.0 = Release|x64
		{E059C150-4EB8-4A3A-BB49-17156E10DC52}.Release|x86.ActiveCfg = Release|Win32
		{E059C150-4EB8-4A3A-BB49-17156E10DC52}.Release|x86.Build.0 = Release|Win32
		{D0E2062E-D623-4903-8EE0-C3F6D18EC4C7}.Debug|x64.ActiveCfg = Debug|x64
		{D0E2062E-D623-4903-8EE0-C3F6D18EC4C7}.Debug|x64.Build.0 = Debug|x64
		{D0E2062E-D623-4903-8EE0-C3F6D18EC4C7}.Debug|x86.ActiveCfg = Debug|Win32
		{D0E2062E-D623-4903-8EE0-C3F6D18EC4C7}.Debug|x86.Build.0 = Debug|Win32
		{D0E2062E-D623-4903-8EE0-C3F6D18EC4C7}.Release|x64.ActiveCfg = Release|x64
		{D0E2062E-D623-4903-8EE0-C3F6D18EC4C7}.Release|x64.Build.0 = Release|x64
		{D0E2062E-D623-4903-8EE0-C3F6D18EC4C7}.Release|x86.ActiveCfg = Release|Win32
		{D0E2062E-D623-4903-8EE0-C3F6D18EC4C7}.Release|x86.Build.0 = Release|Win32
		{0D817E74-BB35-4C6F-B426-EB94F7E33FE2}.Debug|x64.ActiveCfg = Debug|x64
		{0D817E74-BB35-4C6F-B426-EB94F7E33FE2}.Debug|x64.Build.0 = Debug|x64
		{0D817E74-BB35-4C6F-B426-EB94F7E33FE2}.Debug|x86.ActiveCfg = Debug|Win32
		{0D817E74-BB35-4C6F-B426-EB94F7E33FE2}.Debug|x86.Build.0 = Debug|Win32
		{0D817E74-BB35-4C6F-B426-EB94F7E33FE2}.Release|x64.ActiveCfg = Release|x64
		{0D817E74-BB35-4C6F-B426-EB94F7E33FE2}.Release|x64.Build.0 = Release|x64
		{0D817E74-BB35-4C6F-B426-EB94F7E33FE2}.Release|x86.ActiveCfg = Release|Win32
		{0D817E74-BB35-4C6F-B426-EB94F7E33FE2}.Release|x86.Build.0 = Release|Win32
		{0E3F35D7-EACF-4DAB-B858-93A3BC06D543}.Debug|x64.ActiveCfg = Debug|x64
		{0E3F35D7-EACF-4DAB-B858-93A3BC06D543}.Debug|x64.Build.0 = Debug|x64
		{0E3F35D7-EACF-4DAB-B858-93A3BC06D543}.Debug|x86.ActiveCfg = Debug|Win32
		{0E3F35D7-EACF-4DAB-B858-93A3BC06D543}.Debug|x86.Build.0 = Debug|Win32
		{0E3F35D7-EACF-4DAB-B858-93A3BC06D543}.Release|x64.ActiveCfg = Release|x64
		{0E3F35D7-EACF-4DAB-B858-93A3BC06D543}.Release|x64.Build.0 = Release|x64
		{0E3F35D7-EACF-4DAB-B858-93A3BC06D543}.Release|x86.ActiveCfg = Release|Win32
		{0E3F35D7-EACF-4DAB-B858-93A3BC06D543}.Release|x86.Build.0 = Release|Win32
		{DAF7044C-60EF-466F-ACED-EAAFF8ADA1CA}.Debug|x64.ActiveCfg = Debug|x64
		{DAF7044C-60EF-466F-ACED-EAAFF8ADA1CA}.Debug|x64.Build.0 = Debug|x64
		{DAF7044C-60EF-466F-ACED-EAAFF8ADA1CA}.Debug|x86.ActiveCfg = Debug|Win32
		{DAF7044C-60EF-466F-ACED-EAAFF8ADA1CA}.Debug|x86.Build.0 = Debug|Win32
		{DAF7044C-60EF-466F-ACED-EAAFF8ADA1CA}.Release|x64.ActiveCfg = Release|x64
		{DAF7044C-60EF-466F-ACED-EAAFF8ADA1CA}.Release|x64.Build.0 = Release|x64
		{DAF7044C-60EF-466F-ACED-EAAFF8ADA1CA}.Release|x86.ActiveCfg = Release|Win32
		{DAF7044C-60EF-466F-ACED-EAAFF8ADA1CA}.Release|x86.Build.0 = Release|Win32
		{42E55B0B-A197-4242-906F-8CD40940BF1E}.Debug|x64.ActiveCfg = Debug|x64
		{42E55B0B-A197-4242-906F-8CD40940BF1E}.Debug|x64.Build.0 = Debug|x64
		{42E55B0B-A197-4242-906F-8CD40940BF1E}.Debug|x86.ActiveCfg = Debug|Win32
		{42E55B0B-A197-4242-906F-8CD40940BF1E}.Debug|x86.Build.0 = Debug|Win32
		{42E55B0B-A197-4242-906F-8CD40940BF1E}.Release|x64.ActiveCfg = Release|x64
		{42E55B0B-A197-4242-906F-8CD40940BF1E}.Release|x64.Build.0 = Release|x64
		{42E55B0B-A197-4242-906F-8CD40940BF1E}.Release|x86.ActiveCfg = Release|Win32
		{42E55B0B-A197-4242-906F-8CD40940BF1E}.Release|x86.Build.0 = Release|Win32
		{039B5128-73B2-4293-B13A-0D3946AE9589}.Debug|x64.ActiveCfg = Debug|x64
		{039B5128-73B2-4293-B13A-0D3946AE9589}.Debug|x64.Build.0 = Debug|x64
		{039B5128-73B2-4293-B13A-0D3946AE9589}.Debug|x86.ActiveCfg = Debug|Win32
		{039B5128-73B2-4293-B13A-0D3946AE9589}.Debug|x86.Build.0 = Debug|Win32
		{039B5128-73B2-4293-B13A-0D3946AE9589}.Release|x64.ActiveCfg = Release|x64
		{039B5128-73B2-4293-B13A-0D3946AE9589}.Release|x64.Build.0 = Release|x64
		{039B5128-73B2-4293-B13A-0D3946AE9589}.Release|x86.ActiveCfg = Release|Win32
		{039B5128-73B2-4293-B13A-0D3946AE9589}.Release|x86.Build.0 = Release|Win32
		{B9118DFE-8D60-4E62-83A8-E10CBDC44112}.Debug|x64.ActiveCfg = Debug|x64
		{B9118DFE-8D60-4E62-83A8-E10CBDC44112}.Debug|x64.Build.0 = Debug|x64
		{B9118DFE-8D60-4E62-83A8-E10CBDC44112}.Debug|x86.ActiveCfg = Debug|Win32
		{B9118DFE-8D60-4E62-83A8-E10CBDC44112}.Debug|x86.Build.0 = Debug|Win32
		{B9118DFE-8D60-4E62-83A8-E10CBDC44112}.Release|x64.ActiveCfg = Release|x64
		{B9118DFE-8D60-4E62-83A8-E10CBDC44112}.Release|x64.Build.0 = Release|x64
		{B9118DFE-8D60-4E62-83A8-E10CBDC44112}.Release|x86.ActiveCfg = Release|Win32
		{B9118DFE-8D60-4E62-83A8-E10CBDC44112}.Release|x86.Build.0 = Release|Win32
		{031581D2-2490-46B1-B935-ED310184C41A}.Debug|x64.ActiveCfg = Debug|x64
		{031581D2-2490-46B1-B935-ED310184C41A}.Debug|x64.Build.0 = Debug|x64
		{031581D2-2490-46B1-B935-ED310184C41A}.Debug|x86.ActiveCfg = Debug|Win32
		{031581D2-2490-46B1-B935-ED310184C41A}.Debug|x86.Build.0 = Debug|Win32
		{031581D2-2490-46B1-B935-ED310184C41A}.Release|x64.ActiveCfg = Release|x64
		{031581D2-2490-46B1-B935-ED310184C41A}.Release|x64.Build.0 = Release|x64
		{031581D2-2490-46B1-B935-ED310184C41A}.Release|x86.ActiveCfg = Release|Win32
		{031581D2-2490-46B1-B935-ED310184C41A}.Release|x86.Build.0 = Release|Win32
		{F65A3091-EE61-48C6-8627-E4FDA9C69AE3}.Debug|x64.ActiveCfg = Debug|x64
		{F65A3091-EE61-48C6-8627-E4FDA9C69AE3}.Debug|x64.Build.0 = Debug|x64
		{F65A3091-EE61-48C6-8627-E4FDA9C69AE3}.Debug|x86.ActiveCfg = Debug|Win32
		{F65A3091-EE61-48C6-8627-E4FDA9C69AE3}.Debug|x86.Build.0 = Debug|Win32
		{F65A3091-EE61-48C6-8627-E4FDA9C69AE3}.Release|x64.ActiveCfg = Release|x64
		{F65A3091-EE61-48C6-8627-E4FDA9C69AE3}.Release|x64.Build.0 = Release|x64
		{F65A3091-EE61-48C6-8627-E4FDA9C69AE3}.Release|x86.ActiveCfg = Release|Win32
		{F65A3091-EE61-48C6-8627-E4FDA9C69AE3}.Release|x86.Build.0 = Release|Win32
		{6A277AE4-073A-46C2-B7A0-DF07B0816641}.Debug|x64.ActiveCfg = Debug|x64
		{6A277AE4-073A-46C2-B7A0-DF07B0816641}.Debug|x64.Build.0 = Debug|x64
		{6A277AE4-073A-46C2-B7A0-DF07B0816641}.Debug|x86.ActiveCfg = Debug|Win32
		{6A277AE4-073A-46C2-B7A0-DF07B0816641}.Debug|x86.Build.0 = Debug|Win32
		{6A277AE4-073A-46C2-B7A0-DF07B0816641}.Release|x64.ActiveCfg = Release|x64
		{6A277AE4-073A-46C2-B7A0-DF07B0816641}.Release|x64.Build.0 = Release|x64
		{6A277AE4-073A-46C2-B7A0-DF07B0816641}.Release|x86.ActiveCfg = Release|Win32
		{6A277AE4-073A-46C2-B7A0-DF07B0816641}.Release|x86.Build.0 = Release|Win32
		{218465E1-8D70-4EAA-8A43-FC12A14F769B}.Debug|x64.ActiveCfg = Debug|x64
		{218465E1-8D70-4EAA-8A43-FC12A14F769B}.Debug|x64.Build.0 = Debug|x64
		{218465E1-8D70-4EAA-8A43-FC12A14F769B}.Debug|x86.ActiveCfg = Debug|Win32
		{218465E1-8D70-4EAA-8A43-FC12A14F769B}.Debug|x86.Build.0 = Debug|Win32
		{218465E1-8D70-4EAA-8A43-FC12A14F769B}.Release|x64.ActiveCfg = Release|x64
		{218465E1-8D70-4EAA-8A43-FC12A14F769B}.Release|x64.Build.0 = Release|x64
		{218465E1-8D70-4EAA-8A43-FC12A14F769B}.Release|x86.ActiveCfg = Release|Win32
		{218465E1-8D70-4EAA-8A43-FC12A14F769B}.Release|x86.Build.0 = Release|Win32
	EndGlobalSection
	GlobalSection(SolutionProperties) = preSolution
		HideSolutionNode = FALSE
	EndGlobalSection
	GlobalSection(NestedProjects) = preSolution
		{B398B88E-5AFC-4666-B01F-09DAC0CDC350} = {0BF8B672-8C61-4B56-8963-FC9593AC387F}
		{A4F20C22-85DF-439E-8FFD-7788D1AE38D0} = {0BF8B672-8C61-4B56-8963-FC9593AC387F}
		{A486A8F0-F8DE-44E9-A9AC-829A30C006DA} = {0BF8B672-8C61-4B56-8963-FC9593AC387F}
		{3AA75FE1-54DA-4263-9D0D-4ED844AA644B} = {EFEC4269-FEEA-465A-9164-D58106DF838C}
		{91D184D8-75CB-437C-82B9-8B9110DAFC7A} = {EFEC4269-FEEA-465A-9164-D58106DF838C}
		{AD7A55C5-2622-4515-AB39-A1B2E229C5A0} = {EFEC4269-FEEA-465A-9164-D58106DF838C}
		{FB3DEA33-34EC-41E0-B9CF-5B371DEC1265} = {BCC898C5-A65A-4CD8-913C-D965BAEB0B4E}
		{F5BF4779-7F6C-4CE2-82C8-16ED3E3D1F49} = {BCC898C5-A65A-4CD8-913C-D965BAEB0B4E}
		{E059C150-4EB8-4A3A-BB49-17156E10DC52} = {9B879EA3-3A74-4317-A419-15A1A48A75AF}
		{D0E2062E-D623-4903-8EE0-C3F6D18EC4C7} = {9B879EA3-3A74-4317-A419-15A1A48A75AF}
		{0D817E74-BB35-4C6F-B426-EB94F7E33FE2} = {9B879EA3-3A74-4317-A419-15A1A48A75AF}
		{0E3F35D7-EACF-4DAB-B858-93A3BC06D543} = {A5280D73-97C4-4E48-99F8-5D229520472E}
		{DAF7044C-60EF-466F-ACED-EAAFF8ADA1CA} = {A5280D73-97C4-4E48-99F8-5D229520472E}
		{42E55B0B-A197-4242-906F-8CD40940BF1E} = {A5280D73-97C4-4E48-99F8-5D229520472E}
		{039B5128-73B2-4293-B13A-0D3946AE9589} = {8EF79E28-BCA7-4E8A-8B55-D1CAA45E208C}
		{B9118DFE-8D60-4E62-83A8-E10CBDC44112} = {8EF79E28-BCA7-4E8A-8B55-D1CAA45E208C}
		{031581D2-2490-46B1-B935-ED310184C41A} = {8EF79E28-BCA7-4E8A-8B55-D1CAA45E208C}
		{F65A3091-EE61-48C6-8627-E4FDA9C69AE3} = {0B9020E2-D878-4026-B2D6-11CA0F9F66D4}
		{6A277AE4-073A-46C2-B7A0-DF07B0816641} = {0B9020E2-D878-4026-B2D6-11CA0F9F66D4}
		{218465E1-8D70-4EAA-8A43-FC12A14F769B} = {0B9020E2-D878-4026-B2D6-11CA0F9F66D4}
		{0B9020E2-D878-4026-B2D6-11CA0F9F66D4} = {89F3C33A-DB88-4B87-8B06-7171501531B2}
	EndGlobalSection
	GlobalSection(ExtensibilityGlobals) = postSolution
		SolutionGuid = {F4A984A8-1D7F-48B7-87C3-3E21F38E44E7}
	EndGlobalSection
EndGlobal
